
Microsoft Visual Studio Solution File, Format Version 11.00
# Visual Studio 2010
# SharpDevelop 4.2.2.8818
Project("{2150E333-8FDC-42A3-9474-1A3956D46DE8}") = "Solution Items", "Solution Items", "{699CBD61-CF03-415E-8D00-EC82A1839252}"
EndProject
Project("{FAE04EC0-301F-11D3-BF4B-00C04F79EFBC}") = "ExcelXmlQueryResults", "ExcelXmlQueryResults\ExcelXmlQueryResults.csproj", "{20DDAFBB-ED39-42D9-A5CE-737ED50FCEE9}"
	ProjectSection(ProjectDependencies) = postProject
		{3A145151-9621-4D4E-A22F-06BB35157022} = {3A145151-9621-4D4E-A22F-06BB35157022}
	EndProjectSection
EndProject
Project("{FAE04EC0-301F-11D3-BF4B-00C04F79EFBC}") = "ExcelXmlWriter", "ExcelXmlWriter\ExcelXmlWriter.csproj", "{3A145151-9621-4D4E-A22F-06BB35157022}"
EndProject
Project("{FAE04EC0-301F-11D3-BF4B-00C04F79EFBC}") = "Zip DLL", "DotNetZip\Zip\Zip DLL.csproj", "{D3B0AD67-44D8-4B3D-BED9-CE1FD6DE2C5A}"
EndProject
Project("{FAE04EC0-301F-11D3-BF4B-00C04F79EFBC}") = "ConsoleApplication1", "ConsoleApplication1\ConsoleApplication1.csproj", "{58549089-005B-441E-BA14-8B7E05B7C011}"
EndProject
Global
	GlobalSection(SolutionConfigurationPlatforms) = preSolution
		Debug|Any CPU = Debug|Any CPU
		Debug|Mixed Platforms = Debug|Mixed Platforms
		Debug|x86 = Debug|x86
		DebugFromFile|Any CPU = DebugFromFile|Any CPU
		DebugFromFile|Mixed Platforms = DebugFromFile|Mixed Platforms
		DebugFromFile|x86 = DebugFromFile|x86
		DebugFromFileNoThread|Any CPU = DebugFromFileNoThread|Any CPU
		DebugFromFileNoThread|Mixed Platforms = DebugFromFileNoThread|Mixed Platforms
		DebugFromFileNoThread|x86 = DebugFromFileNoThread|x86
		DebugNoThread|Any CPU = DebugNoThread|Any CPU
		DebugNoThread|Mixed Platforms = DebugNoThread|Mixed Platforms
		DebugNoThread|x86 = DebugNoThread|x86
		Release|Any CPU = Release|Any CPU
		Release|Mixed Platforms = Release|Mixed Platforms
		Release|x86 = Release|x86
	EndGlobalSection
	GlobalSection(ProjectConfigurationPlatforms) = postSolution
		{20DDAFBB-ED39-42D9-A5CE-737ED50FCEE9}.Debug|Any CPU.ActiveCfg = Debug|Any CPU
		{20DDAFBB-ED39-42D9-A5CE-737ED50FCEE9}.Debug|Any CPU.Build.0 = Debug|Any CPU
		{20DDAFBB-ED39-42D9-A5CE-737ED50FCEE9}.Debug|Mixed Platforms.ActiveCfg = Debug|Any CPU
		{20DDAFBB-ED39-42D9-A5CE-737ED50FCEE9}.Debug|Mixed Platforms.Build.0 = Debug|Any CPU
		{20DDAFBB-ED39-42D9-A5CE-737ED50FCEE9}.Debug|x86.ActiveCfg = Debug|Any CPU
		{20DDAFBB-ED39-42D9-A5CE-737ED50FCEE9}.DebugFromFile|Any CPU.ActiveCfg = DebugFromFile|Any CPU
		{20DDAFBB-ED39-42D9-A5CE-737ED50FCEE9}.DebugFromFile|Any CPU.Build.0 = DebugFromFile|Any CPU
		{20DDAFBB-ED39-42D9-A5CE-737ED50FCEE9}.DebugFromFile|Mixed Platforms.ActiveCfg = DebugFromFile|Any CPU
		{20DDAFBB-ED39-42D9-A5CE-737ED50FCEE9}.DebugFromFile|Mixed Platforms.Build.0 = DebugFromFile|Any CPU
		{20DDAFBB-ED39-42D9-A5CE-737ED50FCEE9}.DebugFromFile|x86.ActiveCfg = DebugFromFile|Any CPU
		{20DDAFBB-ED39-42D9-A5CE-737ED50FCEE9}.DebugFromFileNoThread|Any CPU.ActiveCfg = DebugFromFileNoThread|Any CPU
		{20DDAFBB-ED39-42D9-A5CE-737ED50FCEE9}.DebugFromFileNoThread|Any CPU.Build.0 = DebugFromFileNoThread|Any CPU
		{20DDAFBB-ED39-42D9-A5CE-737ED50FCEE9}.DebugFromFileNoThread|Mixed Platforms.ActiveCfg = DebugFromFileNoThread|Any CPU
		{20DDAFBB-ED39-42D9-A5CE-737ED50FCEE9}.DebugFromFileNoThread|Mixed Platforms.Build.0 = DebugFromFileNoThread|Any CPU
		{20DDAFBB-ED39-42D9-A5CE-737ED50FCEE9}.DebugFromFileNoThread|x86.ActiveCfg = DebugFromFileNoThread|Any CPU
		{20DDAFBB-ED39-42D9-A5CE-737ED50FCEE9}.DebugNoThread|Any CPU.ActiveCfg = DebugNoThread|Any CPU
		{20DDAFBB-ED39-42D9-A5CE-737ED50FCEE9}.DebugNoThread|Any CPU.Build.0 = DebugNoThread|Any CPU
		{20DDAFBB-ED39-42D9-A5CE-737ED50FCEE9}.DebugNoThread|Mixed Platforms.ActiveCfg = DebugNoThread|Any CPU
		{20DDAFBB-ED39-42D9-A5CE-737ED50FCEE9}.DebugNoThread|Mixed Platforms.Build.0 = DebugNoThread|Any CPU
		{20DDAFBB-ED39-42D9-A5CE-737ED50FCEE9}.DebugNoThread|x86.ActiveCfg = DebugNoThread|Any CPU
		{20DDAFBB-ED39-42D9-A5CE-737ED50FCEE9}.Release|Any CPU.ActiveCfg = Release|Any CPU
		{20DDAFBB-ED39-42D9-A5CE-737ED50FCEE9}.Release|Any CPU.Build.0 = Release|Any CPU
		{20DDAFBB-ED39-42D9-A5CE-737ED50FCEE9}.Release|Mixed Platforms.ActiveCfg = Release|Any CPU
		{20DDAFBB-ED39-42D9-A5CE-737ED50FCEE9}.Release|Mixed Platforms.Build.0 = Release|Any CPU
		{20DDAFBB-ED39-42D9-A5CE-737ED50FCEE9}.Release|x86.ActiveCfg = Release|Any CPU
		{3A145151-9621-4D4E-A22F-06BB35157022}.Debug|Any CPU.ActiveCfg = Debug|Any CPU
		{3A145151-9621-4D4E-A22F-06BB35157022}.Debug|Any CPU.Build.0 = Debug|Any CPU
		{3A145151-9621-4D4E-A22F-06BB35157022}.Debug|Mixed Platforms.ActiveCfg = Debug|Any CPU
		{3A145151-9621-4D4E-A22F-06BB35157022}.Debug|Mixed Platforms.Build.0 = Debug|Any CPU
		{3A145151-9621-4D4E-A22F-06BB35157022}.Debug|x86.ActiveCfg = Debug|Any CPU
		{3A145151-9621-4D4E-A22F-06BB35157022}.DebugFromFile|Any CPU.ActiveCfg = Debug|Any CPU
		{3A145151-9621-4D4E-A22F-06BB35157022}.DebugFromFile|Any CPU.Build.0 = Debug|Any CPU
		{3A145151-9621-4D4E-A22F-06BB35157022}.DebugFromFile|Mixed Platforms.ActiveCfg = DebugFromFileNoThread|Any CPU
		{3A145151-9621-4D4E-A22F-06BB35157022}.DebugFromFile|Mixed Platforms.Build.0 = DebugFromFileNoThread|Any CPU
		{3A145151-9621-4D4E-A22F-06BB35157022}.DebugFromFile|x86.ActiveCfg = DebugFromFileNoThread|Any CPU
		{3A145151-9621-4D4E-A22F-06BB35157022}.DebugFromFileNoThread|Any CPU.ActiveCfg = DebugFromFileNoThread|Any CPU
		{3A145151-9621-4D4E-A22F-06BB35157022}.DebugFromFileNoThread|Any CPU.Build.0 = DebugFromFileNoThread|Any CPU
		{3A145151-9621-4D4E-A22F-06BB35157022}.DebugFromFileNoThread|Mixed Platforms.ActiveCfg = DebugFromFileNoThread|Any CPU
		{3A145151-9621-4D4E-A22F-06BB35157022}.DebugFromFileNoThread|Mixed Platforms.Build.0 = DebugFromFileNoThread|Any CPU
		{3A145151-9621-4D4E-A22F-06BB35157022}.DebugFromFileNoThread|x86.ActiveCfg = DebugFromFileNoThread|Any CPU
		{3A145151-9621-4D4E-A22F-06BB35157022}.DebugNoThread|Any CPU.ActiveCfg = DebugNoThread|Any CPU
		{3A145151-9621-4D4E-A22F-06BB35157022}.DebugNoThread|Any CPU.Build.0 = DebugNoThread|Any CPU
		{3A145151-9621-4D4E-A22F-06BB35157022}.DebugNoThread|Mixed Platforms.ActiveCfg = DebugNoThread|Any CPU
		{3A145151-9621-4D4E-A22F-06BB35157022}.DebugNoThread|Mixed Platforms.Build.0 = DebugNoThread|Any CPU
		{3A145151-9621-4D4E-A22F-06BB35157022}.DebugNoThread|x86.ActiveCfg = DebugNoThread|Any CPU
		{3A145151-9621-4D4E-A22F-06BB35157022}.Release|Any CPU.ActiveCfg = Release|Any CPU
		{3A145151-9621-4D4E-A22F-06BB35157022}.Release|Any CPU.Build.0 = Release|Any CPU
		{3A145151-9621-4D4E-A22F-06BB35157022}.Release|Mixed Platforms.ActiveCfg = Release|Any CPU
		{3A145151-9621-4D4E-A22F-06BB35157022}.Release|Mixed Platforms.Build.0 = Release|Any CPU
		{3A145151-9621-4D4E-A22F-06BB35157022}.Release|x86.ActiveCfg = Release|Any CPU
		{D3B0AD67-44D8-4B3D-BED9-CE1FD6DE2C5A}.Debug|Any CPU.ActiveCfg = Debug|Any CPU
		{D3B0AD67-44D8-4B3D-BED9-CE1FD6DE2C5A}.Debug|Any CPU.Build.0 = Debug|Any CPU
		{D3B0AD67-44D8-4B3D-BED9-CE1FD6DE2C5A}.Debug|Mixed Platforms.ActiveCfg = Debug|Any CPU
		{D3B0AD67-44D8-4B3D-BED9-CE1FD6DE2C5A}.Debug|Mixed Platforms.Build.0 = Debug|Any CPU
		{D3B0AD67-44D8-4B3D-BED9-CE1FD6DE2C5A}.Debug|x86.ActiveCfg = Debug|Any CPU
		{D3B0AD67-44D8-4B3D-BED9-CE1FD6DE2C5A}.DebugFromFile|Any CPU.ActiveCfg = Debug|Any CPU
		{D3B0AD67-44D8-4B3D-BED9-CE1FD6DE2C5A}.DebugFromFile|Any CPU.Build.0 = Debug|Any CPU
		{D3B0AD67-44D8-4B3D-BED9-CE1FD6DE2C5A}.DebugFromFile|Mixed Platforms.ActiveCfg = Debug|Any CPU
		{D3B0AD67-44D8-4B3D-BED9-CE1FD6DE2C5A}.DebugFromFile|Mixed Platforms.Build.0 = Debug|Any CPU
		{D3B0AD67-44D8-4B3D-BED9-CE1FD6DE2C5A}.DebugFromFile|x86.ActiveCfg = Debug|Any CPU
		{D3B0AD67-44D8-4B3D-BED9-CE1FD6DE2C5A}.DebugFromFileNoThread|Any CPU.ActiveCfg = Debug|Any CPU
		{D3B0AD67-44D8-4B3D-BED9-CE1FD6DE2C5A}.DebugFromFileNoThread|Any CPU.Build.0 = Debug|Any CPU
		{D3B0AD67-44D8-4B3D-BED9-CE1FD6DE2C5A}.DebugFromFileNoThread|Mixed Platforms.ActiveCfg = Debug|Any CPU
		{D3B0AD67-44D8-4B3D-BED9-CE1FD6DE2C5A}.DebugFromFileNoThread|Mixed Platforms.Build.0 = Debug|Any CPU
		{D3B0AD67-44D8-4B3D-BED9-CE1FD6DE2C5A}.DebugFromFileNoThread|x86.ActiveCfg = Debug|Any CPU
		{D3B0AD67-44D8-4B3D-BED9-CE1FD6DE2C5A}.DebugNoThread|Any CPU.ActiveCfg = Debug|Any CPU
		{D3B0AD67-44D8-4B3D-BED9-CE1FD6DE2C5A}.DebugNoThread|Any CPU.Build.0 = Debug|Any CPU
		{D3B0AD67-44D8-4B3D-BED9-CE1FD6DE2C5A}.DebugNoThread|Mixed Platforms.ActiveCfg = Debug|Any CPU
		{D3B0AD67-44D8-4B3D-BED9-CE1FD6DE2C5A}.DebugNoThread|Mixed Platforms.Build.0 = Debug|Any CPU
		{D3B0AD67-44D8-4B3D-BED9-CE1FD6DE2C5A}.DebugNoThread|x86.ActiveCfg = Debug|Any CPU
		{D3B0AD67-44D8-4B3D-BED9-CE1FD6DE2C5A}.Release|Any CPU.ActiveCfg = Release|Any CPU
		{D3B0AD67-44D8-4B3D-BED9-CE1FD6DE2C5A}.Release|Any CPU.Build.0 = Release|Any CPU
		{D3B0AD67-44D8-4B3D-BED9-CE1FD6DE2C5A}.Release|Mixed Platforms.ActiveCfg = Release|Any CPU
		{D3B0AD67-44D8-4B3D-BED9-CE1FD6DE2C5A}.Release|Mixed Platforms.Build.0 = Release|Any CPU
		{D3B0AD67-44D8-4B3D-BED9-CE1FD6DE2C5A}.Release|x86.ActiveCfg = Release|Any CPU
		{58549089-005B-441E-BA14-8B7E05B7C011}.Debug|Any CPU.ActiveCfg = Debug|x86
		{58549089-005B-441E-BA14-8B7E05B7C011}.Debug|Mixed Platforms.ActiveCfg = Debug|x86
		{58549089-005B-441E-BA14-8B7E05B7C011}.Debug|Mixed Platforms.Build.0 = Debug|x86
		{58549089-005B-441E-BA14-8B7E05B7C011}.Debug|x86.ActiveCfg = Debug|x86
		{58549089-005B-441E-BA14-8B7E05B7C011}.Debug|x86.Build.0 = Debug|x86
		{58549089-005B-441E-BA14-8B7E05B7C011}.DebugFromFile|Any CPU.ActiveCfg = Debug|x86
		{58549089-005B-441E-BA14-8B7E05B7C011}.DebugFromFile|Mixed Platforms.ActiveCfg = Debug|x86
		{58549089-005B-441E-BA14-8B7E05B7C011}.DebugFromFile|Mixed Platforms.Build.0 = Debug|x86
		{58549089-005B-441E-BA14-8B7E05B7C011}.DebugFromFile|x86.ActiveCfg = Debug|x86
		{58549089-005B-441E-BA14-8B7E05B7C011}.DebugFromFile|x86.Build.0 = Debug|x86
		{58549089-005B-441E-BA14-8B7E05B7C011}.DebugFromFileNoThread|Any CPU.ActiveCfg = Debug|x86
		{58549089-005B-441E-BA14-8B7E05B7C011}.DebugFromFileNoThread|Mixed Platforms.ActiveCfg = Debug|x86
		{58549089-005B-441E-BA14-8B7E05B7C011}.DebugFromFileNoThread|Mixed Platforms.Build.0 = Debug|x86
		{58549089-005B-441E-BA14-8B7E05B7C011}.DebugFromFileNoThread|x86.ActiveCfg = Debug|x86
		{58549089-005B-441E-BA14-8B7E05B7C011}.DebugFromFileNoThread|x86.Build.0 = Debug|x86
		{58549089-005B-441E-BA14-8B7E05B7C011}.DebugNoThread|Any CPU.ActiveCfg = Debug|x86
		{58549089-005B-441E-BA14-8B7E05B7C011}.DebugNoThread|Mixed Platforms.ActiveCfg = Debug|x86
		{58549089-005B-441E-BA14-8B7E05B7C011}.DebugNoThread|Mixed Platforms.Build.0 = Debug|x86
		{58549089-005B-441E-BA14-8B7E05B7C011}.DebugNoThread|x86.ActiveCfg = Debug|x86
		{58549089-005B-441E-BA14-8B7E05B7C011}.DebugNoThread|x86.Build.0 = Debug|x86
		{58549089-005B-441E-BA14-8B7E05B7C011}.Release|Any CPU.ActiveCfg = Release|x86
		{58549089-005B-441E-BA14-8B7E05B7C011}.Release|Mixed Platforms.ActiveCfg = Release|x86
		{58549089-005B-441E-BA14-8B7E05B7C011}.Release|Mixed Platforms.Build.0 = Release|x86
		{58549089-005B-441E-BA14-8B7E05B7C011}.Release|x86.ActiveCfg = Release|x86
		{58549089-005B-441E-BA14-8B7E05B7C011}.Release|x86.Build.0 = Release|x86
	EndGlobalSection
	GlobalSection(SolutionProperties) = preSolution
		HideSolutionNode = FALSE
	EndGlobalSection
	GlobalSection(MonoDevelopProperties) = preSolution
		StartupItem = ExcelXmlQueryResults\ExcelXmlQueryResults.csproj
	EndGlobalSection
EndGlobal
